
Microsoft Visual Studio Solution File, Format Version 11.00
# Visual Studio 2010
Project("{FAE04EC0-301F-11D3-BF4B-00C04F79EFBC}") = "Assembly-CSharp", "Assembly-CSharp.csproj", "{A513BC8D-6A7D-D6C5-EEBE-D27CF600D276}"
EndProject
Project("{FAE04EC0-301F-11D3-BF4B-00C04F79EFBC}") = "Oculus.VR", "Oculus.VR.csproj", "{54301AF0-7DDE-B813-A2AA-D05A8894FC61}"
EndProject
Project("{FAE04EC0-301F-11D3-BF4B-00C04F79EFBC}") = "Assembly-CSharp-Editor", "Assembly-CSharp-Editor.csproj", "{B728BA6F-BB4A-66B9-57A2-597CAD6A31B0}"
EndProject
Project("{FAE04EC0-301F-11D3-BF4B-00C04F79EFBC}") = "Oculus.VR.Scripts.Editor", "Oculus.VR.Scripts.Editor.csproj", "{A3B9BBC9-193C-B9B2-6189-28E8D8BA90E2}"
EndProject
Project("{FAE04EC0-301F-11D3-BF4B-00C04F79EFBC}") = "Oculus.VR.Editor", "Oculus.VR.Editor.csproj", "{F6ACBDCF-7603-E012-FA4A-C36A516DADAC}"
EndProject
Global
	GlobalSection(SolutionConfigurationPlatforms) = preSolution
		Debug|Any CPU = Debug|Any CPU
		Release|Any CPU = Release|Any CPU
	EndGlobalSection
	GlobalSection(ProjectConfigurationPlatforms) = postSolution
		{A513BC8D-6A7D-D6C5-EEBE-D27CF600D276}.Debug|Any CPU.ActiveCfg = Debug|Any CPU
		{A513BC8D-6A7D-D6C5-EEBE-D27CF600D276}.Debug|Any CPU.Build.0 = Debug|Any CPU
		{A513BC8D-6A7D-D6C5-EEBE-D27CF600D276}.Release|Any CPU.ActiveCfg = Release|Any CPU
		{A513BC8D-6A7D-D6C5-EEBE-D27CF600D276}.Release|Any CPU.Build.0 = Release|Any CPU
		{54301AF0-7DDE-B813-A2AA-D05A8894FC61}.Debug|Any CPU.ActiveCfg = Debug|Any CPU
		{54301AF0-7DDE-B813-A2AA-D05A8894FC61}.Debug|Any CPU.Build.0 = Debug|Any CPU
		{54301AF0-7DDE-B813-A2AA-D05A8894FC61}.Release|Any CPU.ActiveCfg = Release|Any CPU
		{54301AF0-7DDE-B813-A2AA-D05A8894FC61}.Release|Any CPU.Build.0 = Release|Any CPU
		{B728BA6F-BB4A-66B9-57A2-597CAD6A31B0}.Debug|Any CPU.ActiveCfg = Debug|Any CPU
		{B728BA6F-BB4A-66B9-57A2-597CAD6A31B0}.Debug|Any CPU.Build.0 = Debug|Any CPU
		{B728BA6F-BB4A-66B9-57A2-597CAD6A31B0}.Release|Any CPU.ActiveCfg = Release|Any CPU
		{B728BA6F-BB4A-66B9-57A2-597CAD6A31B0}.Release|Any CPU.Build.0 = Release|Any CPU
		{A3B9BBC9-193C-B9B2-6189-28E8D8BA90E2}.Debug|Any CPU.ActiveCfg = Debug|Any CPU
		{A3B9BBC9-193C-B9B2-6189-28E8D8BA90E2}.Debug|Any CPU.Build.0 = Debug|Any CPU
		{A3B9BBC9-193C-B9B2-6189-28E8D8BA90E2}.Release|Any CPU.ActiveCfg = Release|Any CPU
		{A3B9BBC9-193C-B9B2-6189-28E8D8BA90E2}.Release|Any CPU.Build.0 = Release|Any CPU
		{F6ACBDCF-7603-E012-FA4A-C36A516DADAC}.Debug|Any CPU.ActiveCfg = Debug|Any CPU
		{F6ACBDCF-7603-E012-FA4A-C36A516DADAC}.Debug|Any CPU.Build.0 = Debug|Any CPU
		{F6ACBDCF-7603-E012-FA4A-C36A516DADAC}.Release|Any CPU.ActiveCfg = Release|Any CPU
		{F6ACBDCF-7603-E012-FA4A-C36A516DADAC}.Release|Any CPU.Build.0 = Release|Any CPU
	EndGlobalSection
	GlobalSection(SolutionProperties) = preSolution
		HideSolutionNode = FALSE
	EndGlobalSection
	GlobalSection(MonoDevelopProperties) = preSolution
		StartupItem = Assembly-CSharp.csproj
	EndGlobalSection
EndGlobal
